
Microsoft Visual Studio Solution File, Format Version 12.00
# Visual Studio 2013
VisualStudioVersion = 12.0.30723.0
MinimumVisualStudioVersion = 10.0.40219.1
Project("{F184B08F-C81C-45F6-A57F-5ABD9991F28F}") = "Prosegur.Genesis.Comon.Monitor", "Prosegur.Genesis.Comon.Monitor.vbproj", "{0AA25474-854D-499C-AFC8-DB7F6EA088C0}"
EndProject
Project("{F184B08F-C81C-45F6-A57F-5ABD9991F28F}") = "Prosegur.Genesis.Comon.Monitor.UnitTest", "..\Prosegur.Genesis.Comon.Monitor.UnitTest\Prosegur.Genesis.Comon.Monitor.UnitTest.vbproj", "{AA7E2059-E78B-4D43-AFCF-49DE2493127C}"
EndProject
Project("{FAE04EC0-301F-11D3-BF4B-00C04F79EFBC}") = "Prosegur.Genesis.Servicio.Monitor", "..\Prosegur.Genesis.Servicio.Monitor\Prosegur.Genesis.Servicio.Monitor.csproj", "{7B488B07-966D-4077-A29D-9A2BD3A667DC}"
EndProject
Global
	GlobalSection(TeamFoundationVersionControl) = preSolution
		SccNumberOfProjects = 4
		SccEnterpriseProvider = {4CA58AB2-18FA-4F8D-95D4-32DDF27D184C}
		SccTeamFoundationServer = http://brbhzsvd00062:8080/gesti%C3%B3n%20de%20efectivo
		SccLocalPath0 = .
		SccProjectUniqueName1 = ..\\Prosegur.Genesis.Comon.Monitor.UnitTest\\Prosegur.Genesis.Comon.Monitor.UnitTest.vbproj
		SccProjectName1 = ../Prosegur.Genesis.Comon.Monitor.UnitTest
		SccLocalPath1 = ..\\Prosegur.Genesis.Comon.Monitor.UnitTest
		SccProjectUniqueName2 = Prosegur.Genesis.Comon.Monitor.vbproj
		SccLocalPath2 = .
		SccProjectUniqueName3 = ..\\Prosegur.Genesis.Servicio.Monitor\\Prosegur.Genesis.Servicio.Monitor.csproj
		SccProjectName3 = ../Prosegur.Genesis.Servicio.Monitor
		SccLocalPath3 = ..\\Prosegur.Genesis.Servicio.Monitor
	EndGlobalSection
	GlobalSection(SolutionConfigurationPlatforms) = preSolution
		Debug|Any CPU = Debug|Any CPU
		Release|Any CPU = Release|Any CPU
	EndGlobalSection
	GlobalSection(ProjectConfigurationPlatforms) = postSolution
		{0AA25474-854D-499C-AFC8-DB7F6EA088C0}.Debug|Any CPU.ActiveCfg = Debug|Any CPU
		{0AA25474-854D-499C-AFC8-DB7F6EA088C0}.Debug|Any CPU.Build.0 = Debug|Any CPU
		{0AA25474-854D-499C-AFC8-DB7F6EA088C0}.Release|Any CPU.ActiveCfg = Release|Any CPU
		{0AA25474-854D-499C-AFC8-DB7F6EA088C0}.Release|Any CPU.Build.0 = Release|Any CPU
		{AA7E2059-E78B-4D43-AFCF-49DE2493127C}.Debug|Any CPU.ActiveCfg = Debug|Any CPU
		{AA7E2059-E78B-4D43-AFCF-49DE2493127C}.Debug|Any CPU.Build.0 = Debug|Any CPU
		{AA7E2059-E78B-4D43-AFCF-49DE2493127C}.Release|Any CPU.ActiveCfg = Release|Any CPU
		{AA7E2059-E78B-4D43-AFCF-49DE2493127C}.Release|Any CPU.Build.0 = Release|Any CPU
		{7B488B07-966D-4077-A29D-9A2BD3A667DC}.Debug|Any CPU.ActiveCfg = Debug|Any CPU
		{7B488B07-966D-4077-A29D-9A2BD3A667DC}.Debug|Any CPU.Build.0 = Debug|Any CPU
		{7B488B07-966D-4077-A29D-9A2BD3A667DC}.Release|Any CPU.ActiveCfg = Release|Any CPU
		{7B488B07-966D-4077-A29D-9A2BD3A667DC}.Release|Any CPU.Build.0 = Release|Any CPU
	EndGlobalSection
	GlobalSection(SolutionProperties) = preSolution
		HideSolutionNode = FALSE
	EndGlobalSection
EndGlobal
